<Solution>
  <Folder Name="/Solution Items/">
    <File Path=".github/workflows/build.yml" />
    <File Path="LICENSE" />
    <File Path="PromptEngineeringFramework.md" />
    <File Path="README.md" />
  </Folder>
  <Project Path="PromptEngine.Analyzer/PromptEngine.Analyzer.csproj" />
  <Project Path="PromptEngine.Sample/PromptEngine.Sample.csproj" />
  <Project Path="PromptEngine.Tests/PromptEngine.Tests.csproj" />
  <Project Path="PromptEngine/PromptEngine.csproj" />
</Solution>
